
Microsoft Visual Studio Solution File, Format Version 12.00
# Visual Studio Version 17
VisualStudioVersion = 17.9.34622.214
MinimumVisualStudioVersion = 10.0.40219.1
Project("{9A19103F-16F7-4668-BE54-9A1E7A4F7556}") = "TestFilePicker", "TestFilePicker\TestFilePicker.csproj", "{6C78476E-289D-4165-A014-15AEAC5AF2AE}"
EndProject
Project("{9A19103F-16F7-4668-BE54-9A1E7A4F7556}") = "TestFilePicker.Core", "TestFilePicker.Core\TestFilePicker.Core.csproj", "{8DE6C6CC-6C78-432E-A6ED-00DCD90C2F7E}"
EndProject
Global
	GlobalSection(SolutionConfigurationPlatforms) = preSolution
		Debug|x64 = Debug|x64
		Release|x64 = Release|x64
	EndGlobalSection
	GlobalSection(ProjectConfigurationPlatforms) = postSolution
		{6C78476E-289D-4165-A014-15AEAC5AF2AE}.Debug|x64.ActiveCfg = Debug|x64
		{6C78476E-289D-4165-A014-15AEAC5AF2AE}.Debug|x64.Build.0 = Debug|x64
		{6C78476E-289D-4165-A014-15AEAC5AF2AE}.Debug|x64.Deploy.0 = Debug|x64
		{6C78476E-289D-4165-A014-15AEAC5AF2AE}.Release|x64.ActiveCfg = Release|x64
		{6C78476E-289D-4165-A014-15AEAC5AF2AE}.Release|x64.Build.0 = Release|x64
		{6C78476E-289D-4165-A014-15AEAC5AF2AE}.Release|x64.Deploy.0 = Release|x64
		{8DE6C6CC-6C78-432E-A6ED-00DCD90C2F7E}.Debug|x64.ActiveCfg = Debug|x64
		{8DE6C6CC-6C78-432E-A6ED-00DCD90C2F7E}.Debug|x64.Build.0 = Debug|x64
		{8DE6C6CC-6C78-432E-A6ED-00DCD90C2F7E}.Release|x64.ActiveCfg = Release|x64
		{8DE6C6CC-6C78-432E-A6ED-00DCD90C2F7E}.Release|x64.Build.0 = Release|x64
	EndGlobalSection
	GlobalSection(SolutionProperties) = preSolution
		HideSolutionNode = FALSE
	EndGlobalSection
	GlobalSection(ExtensibilityGlobals) = postSolution
		SolutionGuid = {681987D2-7C33-4B0F-914B-496566E3BFD3}
	EndGlobalSection
EndGlobal
